
Microsoft Visual Studio Solution File, Format Version 11.00
# Visual Studio 2010
Project("{FAE04EC0-301F-11D3-BF4B-00C04F79EFBC}") = "Assembly-CSharp", "Assembly-CSharp.csproj", "{3fd4cd37-acd5-553e-fa7e-501fcc55172d}"
EndProject
Project("{FAE04EC0-301F-11D3-BF4B-00C04F79EFBC}") = "Assembly-CSharp-Editor", "Assembly-CSharp-Editor.csproj", "{79f6ab62-4138-37da-2ad3-dddf5bef43de}"
EndProject
Global
	GlobalSection(SolutionConfigurationPlatforms) = preSolution
		Debug|Any CPU = Debug|Any CPU
	EndGlobalSection
	GlobalSection(ProjectConfigurationPlatforms) = postSolution
		{3fd4cd37-acd5-553e-fa7e-501fcc55172d}.Debug|Any CPU.ActiveCfg = Debug|Any CPU
		{3fd4cd37-acd5-553e-fa7e-501fcc55172d}.Debug|Any CPU.Build.0 = Debug|Any CPU
		{79f6ab62-4138-37da-2ad3-dddf5bef43de}.Debug|Any CPU.ActiveCfg = Debug|Any CPU
		{79f6ab62-4138-37da-2ad3-dddf5bef43de}.Debug|Any CPU.Build.0 = Debug|Any CPU
	EndGlobalSection
	GlobalSection(SolutionProperties) = preSolution
		HideSolutionNode = FALSE
	EndGlobalSection
EndGlobal
